// !$*UTF8*$!
{
	archiveVersion = 1;
	classes = {
	};
	objectVersion = 52;
	objects = {

/* Begin PBXBuildFile section */
		36070F9019F7695200E5B0CD /* ScriptingBridge.framework in Frameworks */ = {isa = PBXBuildFile; fileRef = 36070F8F19F7695200E5B0CD /* ScriptingBridge.framework */; };
		36491D3619F6F3330083A49D /* AppDelegate.swift in Sources */ = {isa = PBXBuildFile; fileRef = 36491D3519F6F3330083A49D /* AppDelegate.swift */; };
		36491D3819F6F3330083A49D /* Images.xcassets in Resources */ = {isa = PBXBuildFile; fileRef = 36491D3719F6F3330083A49D /* Images.xcassets */; };
		36491D3B19F6F3330083A49D /* MainMenu.xib in Resources */ = {isa = PBXBuildFile; fileRef = 36491D3919F6F3330083A49D /* MainMenu.xib */; };
		36491D4719F6F3330083A49D /* SongBarTests.swift in Sources */ = {isa = PBXBuildFile; fileRef = 36491D4619F6F3330083A49D /* SongBarTests.swift */; };
		D02A84BF2534FFA400BDF7D6 /* PlaybackView.xib in Resources */ = {isa = PBXBuildFile; fileRef = D02A84BE2534FFA400BDF7D6 /* PlaybackView.xib */; };
		D02A84C32534FFB800BDF7D6 /* PlaybackView.swift in Sources */ = {isa = PBXBuildFile; fileRef = D02A84C22534FFB800BDF7D6 /* PlaybackView.swift */; };
		D02A84C82535037200BDF7D6 /* Kingfisher in Frameworks */ = {isa = PBXBuildFile; productRef = D02A84C72535037200BDF7D6 /* Kingfisher */; };
		D03BE46C26BDC5EB00364177 /* SettingsView.swift in Sources */ = {isa = PBXBuildFile; fileRef = D03BE46A26BDC5EB00364177 /* SettingsView.swift */; };
		D03BE46D26BDC5EB00364177 /* SettingsView.xib in Resources */ = {isa = PBXBuildFile; fileRef = D03BE46B26BDC5EB00364177 /* SettingsView.xib */; };
		D03BE47026BDC6CF00364177 /* LaunchAtLogin in Frameworks */ = {isa = PBXBuildFile; productRef = D03BE46F26BDC6CF00364177 /* LaunchAtLogin */; };
		D05117F92739BF5100B34BF4 /* AppDelegate.swift in Sources */ = {isa = PBXBuildFile; fileRef = 36491D3519F6F3330083A49D /* AppDelegate.swift */; };
		D05117FA2739BF5100B34BF4 /* PlaybackListener.m in Sources */ = {isa = PBXBuildFile; fileRef = D02A84AC2530DEEA00BDF7D6 /* PlaybackListener.m */; };
		D05117FB2739BF5100B34BF4 /* PlaybackView.swift in Sources */ = {isa = PBXBuildFile; fileRef = D02A84C22534FFB800BDF7D6 /* PlaybackView.swift */; };
		D05117FC2739BF5100B34BF4 /* SettingsView.swift in Sources */ = {isa = PBXBuildFile; fileRef = D03BE46A26BDC5EB00364177 /* SettingsView.swift */; };
		D05117FD2739BF5100B34BF4 /* PlaybackMenuItem.swift in Sources */ = {isa = PBXBuildFile; fileRef = D095683625364CB1009AA5CC /* PlaybackMenuItem.swift */; };
		D05117FE2739BF5100B34BF4 /* SongBarSliderCell.swift in Sources */ = {isa = PBXBuildFile; fileRef = D0DDFB18266EB9180059E2C3 /* SongBarSliderCell.swift */; };
		D05118002739BF5100B34BF4 /* LaunchAtLogin in Frameworks */ = {isa = PBXBuildFile; productRef = D05117F42739BF5100B34BF4 /* LaunchAtLogin */; };
		D05118012739BF5100B34BF4 /* Kingfisher in Frameworks */ = {isa = PBXBuildFile; productRef = D05117F22739BF5100B34BF4 /* Kingfisher */; };
		D05118022739BF5100B34BF4 /* ScriptingBridge.framework in Frameworks */ = {isa = PBXBuildFile; fileRef = 36070F8F19F7695200E5B0CD /* ScriptingBridge.framework */; };
		D05118042739BF5100B34BF4 /* PlaybackView.xib in Resources */ = {isa = PBXBuildFile; fileRef = D02A84BE2534FFA400BDF7D6 /* PlaybackView.xib */; };
		D05118052739BF5100B34BF4 /* SettingsView.xib in Resources */ = {isa = PBXBuildFile; fileRef = D03BE46B26BDC5EB00364177 /* SettingsView.xib */; };
		D05118062739BF5100B34BF4 /* Images.xcassets in Resources */ = {isa = PBXBuildFile; fileRef = 36491D3719F6F3330083A49D /* Images.xcassets */; };
		D05118072739BF5100B34BF4 /* MainMenu.xib in Resources */ = {isa = PBXBuildFile; fileRef = 36491D3919F6F3330083A49D /* MainMenu.xib */; };
		D051180F2739C00800B34BF4 /* MediaRemote.swift in Sources */ = {isa = PBXBuildFile; fileRef = D051180E2739C00800B34BF4 /* MediaRemote.swift */; };
		D051B41F27AE3C0C00E572BB /* InfoPlist.strings in Resources */ = {isa = PBXBuildFile; fileRef = D051B41E27AE3C0C00E572BB /* InfoPlist.strings */; };
		D051B42027AE3C0C00E572BB /* InfoPlist.strings in Resources */ = {isa = PBXBuildFile; fileRef = D051B41E27AE3C0C00E572BB /* InfoPlist.strings */; };
		D07DDDF327B176980092998B /* DefaultsController.swift in Sources */ = {isa = PBXBuildFile; fileRef = D07DDDF227B176980092998B /* DefaultsController.swift */; };
		D07DDDF427B1782F0092998B /* DefaultsController.swift in Sources */ = {isa = PBXBuildFile; fileRef = D07DDDF227B176980092998B /* DefaultsController.swift */; };
		D095683725364CB1009AA5CC /* PlaybackMenuItem.swift in Sources */ = {isa = PBXBuildFile; fileRef = D095683625364CB1009AA5CC /* PlaybackMenuItem.swift */; };
		D0ADE5A3273B2A060060AAE8 /* PlaybackListener.m in Sources */ = {isa = PBXBuildFile; fileRef = D02A84AC2530DEEA00BDF7D6 /* PlaybackListener.m */; };
		D0ADE5A5273B2D760060AAE8 /* SongBar-Bridging-Header.h in Headers */ = {isa = PBXBuildFile; fileRef = 36070F9319F7761200E5B0CD /* SongBar-Bridging-Header.h */; };
		D0ADE5A6273B2D7A0060AAE8 /* Spotify.h in Headers */ = {isa = PBXBuildFile; fileRef = D02A84A22530D76B00BDF7D6 /* Spotify.h */; };
		D0ADE5A7273B2D7C0060AAE8 /* Music.h in Headers */ = {isa = PBXBuildFile; fileRef = D02A84A12530D75A00BDF7D6 /* Music.h */; };
		D0ADE5A8273B2D8D0060AAE8 /* PlaybackListener.h in Headers */ = {isa = PBXBuildFile; fileRef = D02A84AB2530DEEA00BDF7D6 /* PlaybackListener.h */; };
		D0DA5E9327C3F12200F2B321 /* Purchases in Frameworks */ = {isa = PBXBuildFile; productRef = D0DA5E9227C3F12200F2B321 /* Purchases */; };
		D0DA5E9527C3F14D00F2B321 /* StoreKit.framework in Frameworks */ = {isa = PBXBuildFile; fileRef = D0DA5E9427C3F14D00F2B321 /* StoreKit.framework */; };
		D0DA5E9727C3F1AF00F2B321 /* PurchaseController.swift in Sources */ = {isa = PBXBuildFile; fileRef = D0DA5E9627C3F1AF00F2B321 /* PurchaseController.swift */; };
		D0DA5E9927C3F4A500F2B321 /* Purchases in Frameworks */ = {isa = PBXBuildFile; productRef = D0DA5E9827C3F4A500F2B321 /* Purchases */; };
		D0DDFB19266EB9180059E2C3 /* SongBarSliderCell.swift in Sources */ = {isa = PBXBuildFile; fileRef = D0DDFB18266EB9180059E2C3 /* SongBarSliderCell.swift */; };
		D0E5153027C57A6B00E058EB /* PurchaseController.swift in Sources */ = {isa = PBXBuildFile; fileRef = D0DA5E9627C3F1AF00F2B321 /* PurchaseController.swift */; };
/* End PBXBuildFile section */

/* Begin PBXContainerItemProxy section */
		36491D4119F6F3330083A49D /* PBXContainerItemProxy */ = {
			isa = PBXContainerItemProxy;
			containerPortal = 36491D2819F6F3330083A49D /* Project object */;
			proxyType = 1;
			remoteGlobalIDString = 36491D2F19F6F3330083A49D;
			remoteInfo = SongBar;
		};
/* End PBXContainerItemProxy section */

/* Begin PBXFileReference section */
		36070F8F19F7695200E5B0CD /* ScriptingBridge.framework */ = {isa = PBXFileReference; lastKnownFileType = wrapper.framework; name = ScriptingBridge.framework; path = System/Library/Frameworks/ScriptingBridge.framework; sourceTree = SDKROOT; };
		36070F9319F7761200E5B0CD /* SongBar-Bridging-Header.h */ = {isa = PBXFileReference; fileEncoding = 4; lastKnownFileType = sourcecode.c.h; path = "SongBar-Bridging-Header.h"; sourceTree = "<group>"; };
		36491D3019F6F3330083A49D /* SongBar(AppStore).app */ = {isa = PBXFileReference; explicitFileType = wrapper.application; includeInIndex = 0; path = "SongBar(AppStore).app"; sourceTree = BUILT_PRODUCTS_DIR; };
		36491D3419F6F3330083A49D /* Info.plist */ = {isa = PBXFileReference; lastKnownFileType = text.plist.xml; path = Info.plist; sourceTree = "<group>"; };
		36491D3519F6F3330083A49D /* AppDelegate.swift */ = {isa = PBXFileReference; lastKnownFileType = sourcecode.swift; path = AppDelegate.swift; sourceTree = "<group>"; };
		36491D3719F6F3330083A49D /* Images.xcassets */ = {isa = PBXFileReference; lastKnownFileType = folder.assetcatalog; path = Images.xcassets; sourceTree = "<group>"; };
		36491D3A19F6F3330083A49D /* Base */ = {isa = PBXFileReference; lastKnownFileType = file.xib; name = Base; path = Base.lproj/MainMenu.xib; sourceTree = "<group>"; };
		36491D4019F6F3330083A49D /* SongBarTests.xctest */ = {isa = PBXFileReference; explicitFileType = wrapper.cfbundle; includeInIndex = 0; path = SongBarTests.xctest; sourceTree = BUILT_PRODUCTS_DIR; };
		36491D4519F6F3330083A49D /* Info.plist */ = {isa = PBXFileReference; lastKnownFileType = text.plist.xml; path = Info.plist; sourceTree = "<group>"; };
		36491D4619F6F3330083A49D /* SongBarTests.swift */ = {isa = PBXFileReference; lastKnownFileType = sourcecode.swift; path = SongBarTests.swift; sourceTree = "<group>"; };
		D02A849E2530BD0600BDF7D6 /* README.md */ = {isa = PBXFileReference; lastKnownFileType = net.daringfireball.markdown; path = README.md; sourceTree = SOURCE_ROOT; };
		D02A84A12530D75A00BDF7D6 /* Music.h */ = {isa = PBXFileReference; lastKnownFileType = sourcecode.c.h; path = Music.h; sourceTree = "<group>"; };
		D02A84A22530D76B00BDF7D6 /* Spotify.h */ = {isa = PBXFileReference; lastKnownFileType = sourcecode.c.h; path = Spotify.h; sourceTree = "<group>"; };
		D02A84AB2530DEEA00BDF7D6 /* PlaybackListener.h */ = {isa = PBXFileReference; lastKnownFileType = sourcecode.c.h; path = PlaybackListener.h; sourceTree = "<group>"; };
		D02A84AC2530DEEA00BDF7D6 /* PlaybackListener.m */ = {isa = PBXFileReference; lastKnownFileType = sourcecode.c.objc; path = PlaybackListener.m; sourceTree = "<group>"; };
		D02A84BE2534FFA400BDF7D6 /* PlaybackView.xib */ = {isa = PBXFileReference; lastKnownFileType = file.xib; path = PlaybackView.xib; sourceTree = "<group>"; };
		D02A84C22534FFB800BDF7D6 /* PlaybackView.swift */ = {isa = PBXFileReference; lastKnownFileType = sourcecode.swift; path = PlaybackView.swift; sourceTree = "<group>"; };
		D03BE46A26BDC5EB00364177 /* SettingsView.swift */ = {isa = PBXFileReference; lastKnownFileType = sourcecode.swift; path = SettingsView.swift; sourceTree = "<group>"; };
		D03BE46B26BDC5EB00364177 /* SettingsView.xib */ = {isa = PBXFileReference; lastKnownFileType = file.xib; path = SettingsView.xib; sourceTree = "<group>"; };
		D051180C2739BF5100B34BF4 /* SongBar.app */ = {isa = PBXFileReference; explicitFileType = wrapper.application; includeInIndex = 0; path = SongBar.app; sourceTree = BUILT_PRODUCTS_DIR; };
		D051180E2739C00800B34BF4 /* MediaRemote.swift */ = {isa = PBXFileReference; lastKnownFileType = sourcecode.swift; path = MediaRemote.swift; sourceTree = "<group>"; };
		D051B41E27AE3C0C00E572BB /* InfoPlist.strings */ = {isa = PBXFileReference; lastKnownFileType = text.plist.strings; path = InfoPlist.strings; sourceTree = "<group>"; };
		D0780445273B50E2009A7CB9 /* ScriptingBridge.framework */ = {isa = PBXFileReference; lastKnownFileType = wrapper.framework; name = ScriptingBridge.framework; path = System/Library/Frameworks/ScriptingBridge.framework; sourceTree = SDKROOT; };
		D07DDDF227B176980092998B /* DefaultsController.swift */ = {isa = PBXFileReference; lastKnownFileType = sourcecode.swift; path = DefaultsController.swift; sourceTree = "<group>"; };
		D095683625364CB1009AA5CC /* PlaybackMenuItem.swift */ = {isa = PBXFileReference; lastKnownFileType = sourcecode.swift; path = PlaybackMenuItem.swift; sourceTree = "<group>"; };
		D0C8E6B41B3E1F3B00E200A5 /* SongBar.entitlements */ = {isa = PBXFileReference; lastKnownFileType = text.xml; path = SongBar.entitlements; sourceTree = "<group>"; };
		D0DA5E9427C3F14D00F2B321 /* StoreKit.framework */ = {isa = PBXFileReference; lastKnownFileType = wrapper.framework; name = StoreKit.framework; path = System/Library/Frameworks/StoreKit.framework; sourceTree = SDKROOT; };
		D0DA5E9627C3F1AF00F2B321 /* PurchaseController.swift */ = {isa = PBXFileReference; lastKnownFileType = sourcecode.swift; path = PurchaseController.swift; sourceTree = "<group>"; };
		D0DDFB18266EB9180059E2C3 /* SongBarSliderCell.swift */ = {isa = PBXFileReference; fileEncoding = 4; lastKnownFileType = sourcecode.swift; path = SongBarSliderCell.swift; sourceTree = "<group>"; };
/* End PBXFileReference section */

/* Begin PBXFrameworksBuildPhase section */
		36491D2D19F6F3330083A49D /* Frameworks */ = {
			isa = PBXFrameworksBuildPhase;
			buildActionMask = 2147483647;
			files = (
				D03BE47026BDC6CF00364177 /* LaunchAtLogin in Frameworks */,
				D02A84C82535037200BDF7D6 /* Kingfisher in Frameworks */,
				D0DA5E9527C3F14D00F2B321 /* StoreKit.framework in Frameworks */,
				36070F9019F7695200E5B0CD /* ScriptingBridge.framework in Frameworks */,
				D0DA5E9327C3F12200F2B321 /* Purchases in Frameworks */,
			);
			runOnlyForDeploymentPostprocessing = 0;
		};
		36491D3D19F6F3330083A49D /* Frameworks */ = {
			isa = PBXFrameworksBuildPhase;
			buildActionMask = 2147483647;
			files = (
			);
			runOnlyForDeploymentPostprocessing = 0;
		};
		D05117FF2739BF5100B34BF4 /* Frameworks */ = {
			isa = PBXFrameworksBuildPhase;
			buildActionMask = 2147483647;
			files = (
				D05118002739BF5100B34BF4 /* LaunchAtLogin in Frameworks */,
				D05118012739BF5100B34BF4 /* Kingfisher in Frameworks */,
				D05118022739BF5100B34BF4 /* ScriptingBridge.framework in Frameworks */,
				D0DA5E9927C3F4A500F2B321 /* Purchases in Frameworks */,
			);
			runOnlyForDeploymentPostprocessing = 0;
		};
/* End PBXFrameworksBuildPhase section */

/* Begin PBXGroup section */
		36491D2719F6F3330083A49D = {
			isa = PBXGroup;
			children = (
				36070F8F19F7695200E5B0CD /* ScriptingBridge.framework */,
				36491D3219F6F3330083A49D /* SongBar */,
				36491D4319F6F3330083A49D /* SongBarTests */,
				36491D3119F6F3330083A49D /* Products */,
				E6B49CA74133F3CF05D6312F /* Frameworks */,
			);
			sourceTree = "<group>";
		};
		36491D3119F6F3330083A49D /* Products */ = {
			isa = PBXGroup;
			children = (
				36491D3019F6F3330083A49D /* SongBar(AppStore).app */,
				36491D4019F6F3330083A49D /* SongBarTests.xctest */,
				D051180C2739BF5100B34BF4 /* SongBar.app */,
			);
			name = Products;
			sourceTree = "<group>";
		};
		36491D3219F6F3330083A49D /* SongBar */ = {
			isa = PBXGroup;
			children = (
				D03BE46926BDC59100364177 /* Settings View */,
				D02A84BD2534FF7A00BDF7D6 /* Playback View */,
				D02A84B02530DEF000BDF7D6 /* Playback Listner */,
				D0C8E6B41B3E1F3B00E200A5 /* SongBar.entitlements */,
				36491D3519F6F3330083A49D /* AppDelegate.swift */,
				36491D3719F6F3330083A49D /* Images.xcassets */,
				36491D3919F6F3330083A49D /* MainMenu.xib */,
				36491D3319F6F3330083A49D /* Supporting Files */,
				D02A849E2530BD0600BDF7D6 /* README.md */,
			);
			path = SongBar;
			sourceTree = "<group>";
		};
		36491D3319F6F3330083A49D /* Supporting Files */ = {
			isa = PBXGroup;
			children = (
				36491D3419F6F3330083A49D /* Info.plist */,
				D051B41E27AE3C0C00E572BB /* InfoPlist.strings */,
			);
			name = "Supporting Files";
			sourceTree = "<group>";
		};
		36491D4319F6F3330083A49D /* SongBarTests */ = {
			isa = PBXGroup;
			children = (
				36491D4619F6F3330083A49D /* SongBarTests.swift */,
				36491D4419F6F3330083A49D /* Supporting Files */,
			);
			path = SongBarTests;
			sourceTree = "<group>";
		};
		36491D4419F6F3330083A49D /* Supporting Files */ = {
			isa = PBXGroup;
			children = (
				36491D4519F6F3330083A49D /* Info.plist */,
			);
			name = "Supporting Files";
			sourceTree = "<group>";
		};
		D02A84B02530DEF000BDF7D6 /* Playback Listner */ = {
			isa = PBXGroup;
			children = (
				D02A84A12530D75A00BDF7D6 /* Music.h */,
				D02A84A22530D76B00BDF7D6 /* Spotify.h */,
				D02A84AB2530DEEA00BDF7D6 /* PlaybackListener.h */,
				D02A84AC2530DEEA00BDF7D6 /* PlaybackListener.m */,
				36070F9319F7761200E5B0CD /* SongBar-Bridging-Header.h */,
				D051180E2739C00800B34BF4 /* MediaRemote.swift */,
			);
			name = "Playback Listner";
			sourceTree = "<group>";
		};
		D02A84BD2534FF7A00BDF7D6 /* Playback View */ = {
			isa = PBXGroup;
			children = (
				D0DDFB18266EB9180059E2C3 /* SongBarSliderCell.swift */,
				D02A84BE2534FFA400BDF7D6 /* PlaybackView.xib */,
				D02A84C22534FFB800BDF7D6 /* PlaybackView.swift */,
				D095683625364CB1009AA5CC /* PlaybackMenuItem.swift */,
			);
			name = "Playback View";
			sourceTree = "<group>";
		};
		D03BE46926BDC59100364177 /* Settings View */ = {
			isa = PBXGroup;
			children = (
				D03BE46A26BDC5EB00364177 /* SettingsView.swift */,
				D03BE46B26BDC5EB00364177 /* SettingsView.xib */,
				D07DDDF227B176980092998B /* DefaultsController.swift */,
				D0DA5E9627C3F1AF00F2B321 /* PurchaseController.swift */,
			);
			name = "Settings View";
			sourceTree = "<group>";
		};
		E6B49CA74133F3CF05D6312F /* Frameworks */ = {
			isa = PBXGroup;
			children = (
				D0DA5E9427C3F14D00F2B321 /* StoreKit.framework */,
				D0780445273B50E2009A7CB9 /* ScriptingBridge.framework */,
			);
			name = Frameworks;
			sourceTree = "<group>";
		};
/* End PBXGroup section */

/* Begin PBXHeadersBuildPhase section */
		D0ADE5A4273B2D2B0060AAE8 /* Headers */ = {
			isa = PBXHeadersBuildPhase;
			buildActionMask = 2147483647;
			files = (
				D0ADE5A8273B2D8D0060AAE8 /* PlaybackListener.h in Headers */,
				D0ADE5A5273B2D760060AAE8 /* SongBar-Bridging-Header.h in Headers */,
				D0ADE5A6273B2D7A0060AAE8 /* Spotify.h in Headers */,
				D0ADE5A7273B2D7C0060AAE8 /* Music.h in Headers */,
			);
			runOnlyForDeploymentPostprocessing = 0;
		};
/* End PBXHeadersBuildPhase section */

/* Begin PBXNativeTarget section */
		36491D2F19F6F3330083A49D /* SongBar(AppStore) */ = {
			isa = PBXNativeTarget;
			buildConfigurationList = 36491D4A19F6F3330083A49D /* Build configuration list for PBXNativeTarget "SongBar(AppStore)" */;
			buildPhases = (
				D02A849C2530BB9300BDF7D6 /* Bump build number */,
				D0ADE5A4273B2D2B0060AAE8 /* Headers */,
				D0B6D0B32673F1EE00C0B7B9 /* Swiftlint */,
				36491D2C19F6F3330083A49D /* Sources */,
				36491D2D19F6F3330083A49D /* Frameworks */,
				36491D2E19F6F3330083A49D /* Resources */,
				D03BE47126BDCACF00364177 /* Launch on Login helper */,
			);
			buildRules = (
			);
			dependencies = (
			);
			name = "SongBar(AppStore)";
			packageProductDependencies = (
				D02A84C72535037200BDF7D6 /* Kingfisher */,
				D03BE46F26BDC6CF00364177 /* LaunchAtLogin */,
				D0DA5E9227C3F12200F2B321 /* Purchases */,
			);
			productName = SongBar;
			productReference = 36491D3019F6F3330083A49D /* SongBar(AppStore).app */;
			productType = "com.apple.product-type.application";
		};
		36491D3F19F6F3330083A49D /* SongBarTests */ = {
			isa = PBXNativeTarget;
			buildConfigurationList = 36491D4D19F6F3330083A49D /* Build configuration list for PBXNativeTarget "SongBarTests" */;
			buildPhases = (
				36491D3C19F6F3330083A49D /* Sources */,
				36491D3D19F6F3330083A49D /* Frameworks */,
				36491D3E19F6F3330083A49D /* Resources */,
			);
			buildRules = (
			);
			dependencies = (
				36491D4219F6F3330083A49D /* PBXTargetDependency */,
			);
			name = SongBarTests;
			productName = SongBarTests;
			productReference = 36491D4019F6F3330083A49D /* SongBarTests.xctest */;
			productType = "com.apple.product-type.bundle.unit-test";
		};
		D05117F12739BF5100B34BF4 /* SongBar */ = {
			isa = PBXNativeTarget;
			buildConfigurationList = D05118092739BF5100B34BF4 /* Build configuration list for PBXNativeTarget "SongBar" */;
			buildPhases = (
				D05117F62739BF5100B34BF4 /* Bump build number */,
				D05117F72739BF5100B34BF4 /* Swiftlint */,
				D05117F82739BF5100B34BF4 /* Sources */,
				D05117FF2739BF5100B34BF4 /* Frameworks */,
				D05118032739BF5100B34BF4 /* Resources */,
				D05118082739BF5100B34BF4 /* Launch on Login helper */,
			);
			buildRules = (
			);
			dependencies = (
			);
			name = SongBar;
			packageProductDependencies = (
				D05117F22739BF5100B34BF4 /* Kingfisher */,
				D05117F42739BF5100B34BF4 /* LaunchAtLogin */,
				D0DA5E9827C3F4A500F2B321 /* Purchases */,
			);
			productName = SongBar;
			productReference = D051180C2739BF5100B34BF4 /* SongBar.app */;
			productType = "com.apple.product-type.application";
		};
/* End PBXNativeTarget section */

/* Begin PBXProject section */
		36491D2819F6F3330083A49D /* Project object */ = {
			isa = PBXProject;
			attributes = {
				LastSwiftUpdateCheck = 0700;
				LastUpgradeCheck = 1250;
				ORGANIZATIONNAME = joakes;
				TargetAttributes = {
					36491D2F19F6F3330083A49D = {
						CreatedOnToolsVersion = 6.1;
						DevelopmentTeam = C2NSPAKWYK;
						SystemCapabilities = {
							com.apple.Sandbox = {
								enabled = 1;
							};
						};
					};
					36491D3F19F6F3330083A49D = {
						CreatedOnToolsVersion = 6.1;
						TestTargetID = 36491D2F19F6F3330083A49D;
					};
				};
			};
			buildConfigurationList = 36491D2B19F6F3330083A49D /* Build configuration list for PBXProject "SongBar" */;
			compatibilityVersion = "Xcode 3.2";
			developmentRegion = en;
			hasScannedForEncodings = 0;
			knownRegions = (
				en,
				Base,
			);
			mainGroup = 36491D2719F6F3330083A49D;
			packageReferences = (
				D02A84C62535037200BDF7D6 /* XCRemoteSwiftPackageReference "Kingfisher" */,
				D03BE46E26BDC6CF00364177 /* XCRemoteSwiftPackageReference "LaunchAtLogin" */,
				D0DA5E9127C3F12200F2B321 /* XCRemoteSwiftPackageReference "purchases-ios" */,
			);
			productRefGroup = 36491D3119F6F3330083A49D /* Products */;
			projectDirPath = "";
			projectRoot = "";
			targets = (
				36491D2F19F6F3330083A49D /* SongBar(AppStore) */,
				D05117F12739BF5100B34BF4 /* SongBar */,
				36491D3F19F6F3330083A49D /* SongBarTests */,
			);
		};
/* End PBXProject section */

/* Begin PBXResourcesBuildPhase section */
		36491D2E19F6F3330083A49D /* Resources */ = {
			isa = PBXResourcesBuildPhase;
			buildActionMask = 2147483647;
			files = (
				D02A84BF2534FFA400BDF7D6 /* PlaybackView.xib in Resources */,
				D03BE46D26BDC5EB00364177 /* SettingsView.xib in Resources */,
				36491D3819F6F3330083A49D /* Images.xcassets in Resources */,
				36491D3B19F6F3330083A49D /* MainMenu.xib in Resources */,
				D051B41F27AE3C0C00E572BB /* InfoPlist.strings in Resources */,
			);
			runOnlyForDeploymentPostprocessing = 0;
		};
		36491D3E19F6F3330083A49D /* Resources */ = {
			isa = PBXResourcesBuildPhase;
			buildActionMask = 2147483647;
			files = (
			);
			runOnlyForDeploymentPostprocessing = 0;
		};
		D05118032739BF5100B34BF4 /* Resources */ = {
			isa = PBXResourcesBuildPhase;
			buildActionMask = 2147483647;
			files = (
				D05118042739BF5100B34BF4 /* PlaybackView.xib in Resources */,
				D05118052739BF5100B34BF4 /* SettingsView.xib in Resources */,
				D05118062739BF5100B34BF4 /* Images.xcassets in Resources */,
				D05118072739BF5100B34BF4 /* MainMenu.xib in Resources */,
				D051B42027AE3C0C00E572BB /* InfoPlist.strings in Resources */,
			);
			runOnlyForDeploymentPostprocessing = 0;
		};
/* End PBXResourcesBuildPhase section */

/* Begin PBXShellScriptBuildPhase section */
		D02A849C2530BB9300BDF7D6 /* Bump build number */ = {
			isa = PBXShellScriptBuildPhase;
			buildActionMask = 2147483647;
			files = (
			);
			inputFileListPaths = (
			);
			inputPaths = (
			);
			name = "Bump build number";
			outputFileListPaths = (
			);
			outputPaths = (
			);
			runOnlyForDeploymentPostprocessing = 0;
			shellPath = /bin/sh;
			shellScript = "# Increments build number\nbuildNumber=$(git rev-list HEAD | wc -l | tr -d ' ')\n/usr/libexec/PlistBuddy -c \"Set :CFBundleVersion $buildNumber\" \"${PROJECT_DIR}/${INFOPLIST_FILE}\"\n";
		};
		D03BE47126BDCACF00364177 /* Launch on Login helper */ = {
			isa = PBXShellScriptBuildPhase;
			buildActionMask = 2147483647;
			files = (
			);
			inputFileListPaths = (
			);
			inputPaths = (
			);
			name = "Launch on Login helper";
			outputFileListPaths = (
			);
			outputPaths = (
			);
			runOnlyForDeploymentPostprocessing = 0;
			shellPath = /bin/sh;
			shellScript = "\"${BUILT_PRODUCTS_DIR}/LaunchAtLogin_LaunchAtLogin.bundle/Contents/Resources/copy-helper-swiftpm.sh\"\n";
		};
		D05117F62739BF5100B34BF4 /* Bump build number */ = {
			isa = PBXShellScriptBuildPhase;
			buildActionMask = 2147483647;
			files = (
			);
			inputFileListPaths = (
			);
			inputPaths = (
			);
			name = "Bump build number";
			outputFileListPaths = (
			);
			outputPaths = (
			);
			runOnlyForDeploymentPostprocessing = 0;
			shellPath = /bin/sh;
			shellScript = "# Increments build number\nbuildNumber=$(git rev-list HEAD | wc -l | tr -d ' ')\n/usr/libexec/PlistBuddy -c \"Set :CFBundleVersion $buildNumber\" \"${PROJECT_DIR}/${INFOPLIST_FILE}\"\n";
		};
		D05117F72739BF5100B34BF4 /* Swiftlint */ = {
			isa = PBXShellScriptBuildPhase;
			buildActionMask = 2147483647;
			files = (
			);
			inputFileListPaths = (
			);
			inputPaths = (
			);
			name = Swiftlint;
			outputFileListPaths = (
			);
			outputPaths = (
			);
			runOnlyForDeploymentPostprocessing = 0;
			shellPath = /bin/sh;
			shellScript = "if test -d \"/opt/homebrew/bin/\"; then\n  PATH=\"/opt/homebrew/bin/:${PATH}\"\nfi\n\nexport PATH\n\nif which swiftlint >/dev/null; then\n  swiftlint --fix && swiftlint\nelse\n  echo \"warning: SwiftLint not installed, download from https://github.com/realm/SwiftLint\"\nfi\n";
		};
		D05118082739BF5100B34BF4 /* Launch on Login helper */ = {
			isa = PBXShellScriptBuildPhase;
			buildActionMask = 2147483647;
			files = (
			);
			inputFileListPaths = (
			);
			inputPaths = (
			);
			name = "Launch on Login helper";
			outputFileListPaths = (
			);
			outputPaths = (
			);
			runOnlyForDeploymentPostprocessing = 0;
			shellPath = /bin/sh;
			shellScript = "\"${BUILT_PRODUCTS_DIR}/LaunchAtLogin_LaunchAtLogin.bundle/Contents/Resources/copy-helper-swiftpm.sh\"\n";
		};
		D0B6D0B32673F1EE00C0B7B9 /* Swiftlint */ = {
			isa = PBXShellScriptBuildPhase;
			buildActionMask = 2147483647;
			files = (
			);
			inputFileListPaths = (
			);
			inputPaths = (
			);
			name = Swiftlint;
			outputFileListPaths = (
			);
			outputPaths = (
			);
			runOnlyForDeploymentPostprocessing = 0;
			shellPath = /bin/sh;
			shellScript = "if test -d \"/opt/homebrew/bin/\"; then\n  PATH=\"/opt/homebrew/bin/:${PATH}\"\nfi\n\nexport PATH\n\nif which swiftlint >/dev/null; then\n  swiftlint --fix && swiftlint\nelse\n  echo \"warning: SwiftLint not installed, download from https://github.com/realm/SwiftLint\"\nfi\n";
		};
/* End PBXShellScriptBuildPhase section */

/* Begin PBXSourcesBuildPhase section */
		36491D2C19F6F3330083A49D /* Sources */ = {
			isa = PBXSourcesBuildPhase;
			buildActionMask = 2147483647;
			files = (
				36491D3619F6F3330083A49D /* AppDelegate.swift in Sources */,
				D02A84C32534FFB800BDF7D6 /* PlaybackView.swift in Sources */,
				D0DA5E9727C3F1AF00F2B321 /* PurchaseController.swift in Sources */,
				D03BE46C26BDC5EB00364177 /* SettingsView.swift in Sources */,
				D07DDDF427B1782F0092998B /* DefaultsController.swift in Sources */,
				D095683725364CB1009AA5CC /* PlaybackMenuItem.swift in Sources */,
				D0DDFB19266EB9180059E2C3 /* SongBarSliderCell.swift in Sources */,
				D0ADE5A3273B2A060060AAE8 /* PlaybackListener.m in Sources */,
			);
			runOnlyForDeploymentPostprocessing = 0;
		};
		36491D3C19F6F3330083A49D /* Sources */ = {
			isa = PBXSourcesBuildPhase;
			buildActionMask = 2147483647;
			files = (
				36491D4719F6F3330083A49D /* SongBarTests.swift in Sources */,
			);
			runOnlyForDeploymentPostprocessing = 0;
		};
		D05117F82739BF5100B34BF4 /* Sources */ = {
			isa = PBXSourcesBuildPhase;
			buildActionMask = 2147483647;
			files = (
				D05117F92739BF5100B34BF4 /* AppDelegate.swift in Sources */,
				D05117FA2739BF5100B34BF4 /* PlaybackListener.m in Sources */,
				D05117FB2739BF5100B34BF4 /* PlaybackView.swift in Sources */,
				D05117FC2739BF5100B34BF4 /* SettingsView.swift in Sources */,
				D05117FD2739BF5100B34BF4 /* PlaybackMenuItem.swift in Sources */,
				D051180F2739C00800B34BF4 /* MediaRemote.swift in Sources */,
				D05117FE2739BF5100B34BF4 /* SongBarSliderCell.swift in Sources */,
				D0E5153027C57A6B00E058EB /* PurchaseController.swift in Sources */,
				D07DDDF327B176980092998B /* DefaultsController.swift in Sources */,
			);
			runOnlyForDeploymentPostprocessing = 0;
		};
/* End PBXSourcesBuildPhase section */

/* Begin PBXTargetDependency section */
		36491D4219F6F3330083A49D /* PBXTargetDependency */ = {
			isa = PBXTargetDependency;
			target = 36491D2F19F6F3330083A49D /* SongBar(AppStore) */;
			targetProxy = 36491D4119F6F3330083A49D /* PBXContainerItemProxy */;
		};
/* End PBXTargetDependency section */

/* Begin PBXVariantGroup section */
		36491D3919F6F3330083A49D /* MainMenu.xib */ = {
			isa = PBXVariantGroup;
			children = (
				36491D3A19F6F3330083A49D /* Base */,
			);
			name = MainMenu.xib;
			sourceTree = "<group>";
		};
/* End PBXVariantGroup section */

/* Begin XCBuildConfiguration section */
		36491D4819F6F3330083A49D /* Debug */ = {
			isa = XCBuildConfiguration;
			buildSettings = {
				ALWAYS_SEARCH_USER_PATHS = NO;
				CLANG_CXX_LANGUAGE_STANDARD = "gnu++0x";
				CLANG_CXX_LIBRARY = "libc++";
				CLANG_ENABLE_MODULES = YES;
				CLANG_ENABLE_OBJC_ARC = YES;
				CLANG_WARN_BLOCK_CAPTURE_AUTORELEASING = YES;
				CLANG_WARN_BOOL_CONVERSION = YES;
				CLANG_WARN_COMMA = YES;
				CLANG_WARN_CONSTANT_CONVERSION = YES;
				CLANG_WARN_DEPRECATED_OBJC_IMPLEMENTATIONS = YES;
				CLANG_WARN_DIRECT_OBJC_ISA_USAGE = YES_ERROR;
				CLANG_WARN_EMPTY_BODY = YES;
				CLANG_WARN_ENUM_CONVERSION = YES;
				CLANG_WARN_INFINITE_RECURSION = YES;
				CLANG_WARN_INT_CONVERSION = YES;
				CLANG_WARN_NON_LITERAL_NULL_CONVERSION = YES;
				CLANG_WARN_OBJC_IMPLICIT_RETAIN_SELF = YES;
				CLANG_WARN_OBJC_LITERAL_CONVERSION = YES;
				CLANG_WARN_OBJC_ROOT_CLASS = YES_ERROR;
				CLANG_WARN_QUOTED_INCLUDE_IN_FRAMEWORK_HEADER = YES;
				CLANG_WARN_RANGE_LOOP_ANALYSIS = YES;
				CLANG_WARN_STRICT_PROTOTYPES = YES;
				CLANG_WARN_SUSPICIOUS_MOVE = YES;
				CLANG_WARN_UNREACHABLE_CODE = YES;
				CLANG_WARN__DUPLICATE_METHOD_MATCH = YES;
				CODE_SIGN_IDENTITY = "-";
				COPY_PHASE_STRIP = NO;
				ENABLE_STRICT_OBJC_MSGSEND = YES;
				ENABLE_TESTABILITY = YES;
				GCC_C_LANGUAGE_STANDARD = gnu99;
				GCC_DYNAMIC_NO_PIC = NO;
				GCC_NO_COMMON_BLOCKS = YES;
				GCC_OPTIMIZATION_LEVEL = 0;
				GCC_PREPROCESSOR_DEFINITIONS = (
					"DEBUG=1",
					"$(inherited)",
				);
				GCC_SYMBOLS_PRIVATE_EXTERN = NO;
				GCC_WARN_64_TO_32_BIT_CONVERSION = YES;
				GCC_WARN_ABOUT_RETURN_TYPE = YES_ERROR;
				GCC_WARN_UNDECLARED_SELECTOR = YES;
				GCC_WARN_UNINITIALIZED_AUTOS = YES_AGGRESSIVE;
				GCC_WARN_UNUSED_FUNCTION = YES;
				GCC_WARN_UNUSED_VARIABLE = YES;
				MACOSX_DEPLOYMENT_TARGET = 10.12;
				MTL_ENABLE_DEBUG_INFO = YES;
				ONLY_ACTIVE_ARCH = YES;
				SDKROOT = macosx;
				SWIFT_OPTIMIZATION_LEVEL = "-Onone";
			};
			name = Debug;
		};
		36491D4919F6F3330083A49D /* Release */ = {
			isa = XCBuildConfiguration;
			buildSettings = {
				ALWAYS_SEARCH_USER_PATHS = NO;
				CLANG_CXX_LANGUAGE_STANDARD = "gnu++0x";
				CLANG_CXX_LIBRARY = "libc++";
				CLANG_ENABLE_MODULES = YES;
				CLANG_ENABLE_OBJC_ARC = YES;
				CLANG_WARN_BLOCK_CAPTURE_AUTORELEASING = YES;
				CLANG_WARN_BOOL_CONVERSION = YES;
				CLANG_WARN_COMMA = YES;
				CLANG_WARN_CONSTANT_CONVERSION = YES;
				CLANG_WARN_DEPRECATED_OBJC_IMPLEMENTATIONS = YES;
				CLANG_WARN_DIRECT_OBJC_ISA_USAGE = YES_ERROR;
				CLANG_WARN_EMPTY_BODY = YES;
				CLANG_WARN_ENUM_CONVERSION = YES;
				CLANG_WARN_INFINITE_RECURSION = YES;
				CLANG_WARN_INT_CONVERSION = YES;
				CLANG_WARN_NON_LITERAL_NULL_CONVERSION = YES;
				CLANG_WARN_OBJC_IMPLICIT_RETAIN_SELF = YES;
				CLANG_WARN_OBJC_LITERAL_CONVERSION = YES;
				CLANG_WARN_OBJC_ROOT_CLASS = YES_ERROR;
				CLANG_WARN_QUOTED_INCLUDE_IN_FRAMEWORK_HEADER = YES;
				CLANG_WARN_RANGE_LOOP_ANALYSIS = YES;
				CLANG_WARN_STRICT_PROTOTYPES = YES;
				CLANG_WARN_SUSPICIOUS_MOVE = YES;
				CLANG_WARN_UNREACHABLE_CODE = YES;
				CLANG_WARN__DUPLICATE_METHOD_MATCH = YES;
				CODE_SIGN_IDENTITY = "-";
				COPY_PHASE_STRIP = YES;
				DEBUG_INFORMATION_FORMAT = "dwarf-with-dsym";
				ENABLE_NS_ASSERTIONS = NO;
				ENABLE_STRICT_OBJC_MSGSEND = YES;
				GCC_C_LANGUAGE_STANDARD = gnu99;
				GCC_NO_COMMON_BLOCKS = YES;
				GCC_WARN_64_TO_32_BIT_CONVERSION = YES;
				GCC_WARN_ABOUT_RETURN_TYPE = YES_ERROR;
				GCC_WARN_UNDECLARED_SELECTOR = YES;
				GCC_WARN_UNINITIALIZED_AUTOS = YES_AGGRESSIVE;
				GCC_WARN_UNUSED_FUNCTION = YES;
				GCC_WARN_UNUSED_VARIABLE = YES;
				MACOSX_DEPLOYMENT_TARGET = 10.12;
				MTL_ENABLE_DEBUG_INFO = NO;
				SDKROOT = macosx;
				SWIFT_COMPILATION_MODE = wholemodule;
			};
			name = Release;
		};
		36491D4B19F6F3330083A49D /* Debug */ = {
			isa = XCBuildConfiguration;
			buildSettings = {
				ASSETCATALOG_COMPILER_APPICON_NAME = AppIcon;
				CODE_SIGN_ENTITLEMENTS = SongBar/SongBar.entitlements;
				CODE_SIGN_IDENTITY = "Mac Developer";
				COMBINE_HIDPI_IMAGES = YES;
				DEFINES_MODULE = NO;
				ENABLE_HARDENED_RUNTIME = YES;
				INFOPLIST_FILE = SongBar/Info.plist;
				LD_RUNPATH_SEARCH_PATHS = (
					"$(inherited)",
					"@executable_path/../Frameworks",
				);
				MACOSX_DEPLOYMENT_TARGET = 11.0;
				MARKETING_VERSION = 2.4;
				OTHER_SWIFT_FLAGS = "-DAPPSTORE";
				PRODUCT_BUNDLE_IDENTIFIER = com.joakes.SongBar;
				PRODUCT_NAME = "$(TARGET_NAME)";
				SKIP_INSTALL = YES;
				SWIFT_OBJC_BRIDGING_HEADER = "SongBar/SongBar-Bridging-Header.h";
				SWIFT_OBJC_INTERFACE_HEADER_NAME = "$(SWIFT_MODULE_NAME)-Swift.h";
				SWIFT_VERSION = 5.0;
			};
			name = Debug;
		};
		36491D4C19F6F3330083A49D /* Release */ = {
			isa = XCBuildConfiguration;
			buildSettings = {
				ASSETCATALOG_COMPILER_APPICON_NAME = AppIcon;
				CODE_SIGN_ENTITLEMENTS = SongBar/SongBar.entitlements;
				CODE_SIGN_IDENTITY = "Mac Developer";
				COMBINE_HIDPI_IMAGES = YES;
				DEFINES_MODULE = NO;
				ENABLE_HARDENED_RUNTIME = YES;
				INFOPLIST_FILE = SongBar/Info.plist;
				LD_RUNPATH_SEARCH_PATHS = (
					"$(inherited)",
					"@executable_path/../Frameworks",
				);
				MACOSX_DEPLOYMENT_TARGET = 11.0;
				MARKETING_VERSION = 2.4;
				OTHER_SWIFT_FLAGS = "-DAPPSTORE";
				PRODUCT_BUNDLE_IDENTIFIER = com.joakes.SongBar;
				PRODUCT_NAME = "$(TARGET_NAME)";
				SKIP_INSTALL = YES;
				SWIFT_OBJC_BRIDGING_HEADER = "SongBar/SongBar-Bridging-Header.h";
				SWIFT_OBJC_INTERFACE_HEADER_NAME = "$(SWIFT_MODULE_NAME)-Swift.h";
				SWIFT_VERSION = 5.0;
			};
			name = Release;
		};
		36491D4E19F6F3330083A49D /* Debug */ = {
			isa = XCBuildConfiguration;
			buildSettings = {
				BUNDLE_LOADER = "$(TEST_HOST)";
				COMBINE_HIDPI_IMAGES = YES;
				FRAMEWORK_SEARCH_PATHS = (
					"$(DEVELOPER_FRAMEWORKS_DIR)",
					"$(inherited)",
				);
				GCC_PREPROCESSOR_DEFINITIONS = (
					"DEBUG=1",
					"$(inherited)",
				);
				INFOPLIST_FILE = SongBarTests/Info.plist;
				LD_RUNPATH_SEARCH_PATHS = (
					"$(inherited)",
					"@executable_path/../Frameworks",
					"@loader_path/../Frameworks",
				);
				PRODUCT_BUNDLE_IDENTIFIER = "com.corpe.$(PRODUCT_NAME:rfc1034identifier)";
				PRODUCT_NAME = "$(TARGET_NAME)";
				SWIFT_VERSION = 5.0;
				TEST_HOST = "$(BUILT_PRODUCTS_DIR)/SongBar.app/Contents/MacOS/SongBar";
			};
			name = Debug;
		};
		36491D4F19F6F3330083A49D /* Release */ = {
			isa = XCBuildConfiguration;
			buildSettings = {
				BUNDLE_LOADER = "$(TEST_HOST)";
				COMBINE_HIDPI_IMAGES = YES;
				FRAMEWORK_SEARCH_PATHS = (
					"$(DEVELOPER_FRAMEWORKS_DIR)",
					"$(inherited)",
				);
				INFOPLIST_FILE = SongBarTests/Info.plist;
				LD_RUNPATH_SEARCH_PATHS = (
					"$(inherited)",
					"@executable_path/../Frameworks",
					"@loader_path/../Frameworks",
				);
				PRODUCT_BUNDLE_IDENTIFIER = "com.corpe.$(PRODUCT_NAME:rfc1034identifier)";
				PRODUCT_NAME = "$(TARGET_NAME)";
				SWIFT_VERSION = 5.0;
				TEST_HOST = "$(BUILT_PRODUCTS_DIR)/SongBar.app/Contents/MacOS/SongBar";
			};
			name = Release;
		};
		D051180A2739BF5100B34BF4 /* Debug */ = {
			isa = XCBuildConfiguration;
			buildSettings = {
				ASSETCATALOG_COMPILER_APPICON_NAME = AppIcon;
				CODE_SIGN_ENTITLEMENTS = SongBar/SongBar.entitlements;
				CODE_SIGN_IDENTITY = "Mac Developer";
				COMBINE_HIDPI_IMAGES = YES;
				DEFINES_MODULE = NO;
				DEVELOPMENT_TEAM = C2NSPAKWYK;
				ENABLE_HARDENED_RUNTIME = YES;
				INFOPLIST_FILE = "SongBar (app store) copy-Info.plist";
				LD_RUNPATH_SEARCH_PATHS = (
					"$(inherited)",
					"@executable_path/../Frameworks",
				);
				MACOSX_DEPLOYMENT_TARGET = 11.0;
				MARKETING_VERSION = 2.4;
				PRODUCT_BUNDLE_IDENTIFIER = com.joakes.SongBar;
				PRODUCT_NAME = "$(TARGET_NAME)";
				SWIFT_OBJC_BRIDGING_HEADER = "SongBar/SongBar-Bridging-Header.h";
				SWIFT_VERSION = 5.0;
			};
			name = Debug;
		};
		D051180B2739BF5100B34BF4 /* Release */ = {
			isa = XCBuildConfiguration;
			buildSettings = {
				ASSETCATALOG_COMPILER_APPICON_NAME = AppIcon;
				CODE_SIGN_ENTITLEMENTS = SongBar/SongBar.entitlements;
				CODE_SIGN_IDENTITY = "Mac Developer";
				COMBINE_HIDPI_IMAGES = YES;
				DEFINES_MODULE = NO;
				DEVELOPMENT_TEAM = C2NSPAKWYK;
				ENABLE_HARDENED_RUNTIME = YES;
				INFOPLIST_FILE = "SongBar (app store) copy-Info.plist";
				LD_RUNPATH_SEARCH_PATHS = (
					"$(inherited)",
					"@executable_path/../Frameworks",
				);
				MACOSX_DEPLOYMENT_TARGET = 11.0;
				MARKETING_VERSION = 2.4;
				PRODUCT_BUNDLE_IDENTIFIER = com.joakes.SongBar;
				PRODUCT_NAME = "$(TARGET_NAME)";
				SWIFT_OBJC_BRIDGING_HEADER = "SongBar/SongBar-Bridging-Header.h";
				SWIFT_VERSION = 5.0;
			};
			name = Release;
		};
/* End XCBuildConfiguration section */

/* Begin XCConfigurationList section */
		36491D2B19F6F3330083A49D /* Build configuration list for PBXProject "SongBar" */ = {
			isa = XCConfigurationList;
			buildConfigurations = (
				36491D4819F6F3330083A49D /* Debug */,
				36491D4919F6F3330083A49D /* Release */,
			);
			defaultConfigurationIsVisible = 0;
			defaultConfigurationName = Release;
		};
		36491D4A19F6F3330083A49D /* Build configuration list for PBXNativeTarget "SongBar(AppStore)" */ = {
			isa = XCConfigurationList;
			buildConfigurations = (
				36491D4B19F6F3330083A49D /* Debug */,
				36491D4C19F6F3330083A49D /* Release */,
			);
			defaultConfigurationIsVisible = 0;
			defaultConfigurationName = Release;
		};
		36491D4D19F6F3330083A49D /* Build configuration list for PBXNativeTarget "SongBarTests" */ = {
			isa = XCConfigurationList;
			buildConfigurations = (
				36491D4E19F6F3330083A49D /* Debug */,
				36491D4F19F6F3330083A49D /* Release */,
			);
			defaultConfigurationIsVisible = 0;
			defaultConfigurationName = Release;
		};
		D05118092739BF5100B34BF4 /* Build configuration list for PBXNativeTarget "SongBar" */ = {
			isa = XCConfigurationList;
			buildConfigurations = (
				D051180A2739BF5100B34BF4 /* Debug */,
				D051180B2739BF5100B34BF4 /* Release */,
			);
			defaultConfigurationIsVisible = 0;
			defaultConfigurationName = Release;
		};
/* End XCConfigurationList section */

/* Begin XCRemoteSwiftPackageReference section */
		D02A84C62535037200BDF7D6 /* XCRemoteSwiftPackageReference "Kingfisher" */ = {
			isa = XCRemoteSwiftPackageReference;
			repositoryURL = "git@github.com:onevcat/Kingfisher.git";
			requirement = {
				kind = upToNextMajorVersion;
				minimumVersion = 5.15.0;
			};
		};
		D03BE46E26BDC6CF00364177 /* XCRemoteSwiftPackageReference "LaunchAtLogin" */ = {
			isa = XCRemoteSwiftPackageReference;
			repositoryURL = "git@github.com:sindresorhus/LaunchAtLogin.git";
			requirement = {
				kind = upToNextMajorVersion;
				minimumVersion = 4.0.0;
			};
		};
		D05117F32739BF5100B34BF4 /* XCRemoteSwiftPackageReference "Kingfisher" */ = {
			isa = XCRemoteSwiftPackageReference;
			repositoryURL = "git@github.com:onevcat/Kingfisher.git";
			requirement = {
				kind = upToNextMajorVersion;
				minimumVersion = 5.15.0;
			};
		};
		D05117F52739BF5100B34BF4 /* XCRemoteSwiftPackageReference "LaunchAtLogin" */ = {
			isa = XCRemoteSwiftPackageReference;
			repositoryURL = "git@github.com:sindresorhus/LaunchAtLogin.git";
			requirement = {
				kind = upToNextMajorVersion;
				minimumVersion = 4.0.0;
			};
		};
		D0DA5E9127C3F12200F2B321 /* XCRemoteSwiftPackageReference "purchases-ios" */ = {
			isa = XCRemoteSwiftPackageReference;
			repositoryURL = "https://github.com/RevenueCat/purchases-ios.git";
			requirement = {
				kind = upToNextMajorVersion;
				minimumVersion = 3.0.0;
			};
		};
/* End XCRemoteSwiftPackageReference section */

/* Begin XCSwiftPackageProductDependency section */
		D02A84C72535037200BDF7D6 /* Kingfisher */ = {
			isa = XCSwiftPackageProductDependency;
			package = D02A84C62535037200BDF7D6 /* XCRemoteSwiftPackageReference "Kingfisher" */;
			productName = Kingfisher;
		};
		D03BE46F26BDC6CF00364177 /* LaunchAtLogin */ = {
			isa = XCSwiftPackageProductDependency;
			package = D03BE46E26BDC6CF00364177 /* XCRemoteSwiftPackageReference "LaunchAtLogin" */;
			productName = LaunchAtLogin;
		};
		D05117F22739BF5100B34BF4 /* Kingfisher */ = {
			isa = XCSwiftPackageProductDependency;
			package = D05117F32739BF5100B34BF4 /* XCRemoteSwiftPackageReference "Kingfisher" */;
			productName = Kingfisher;
		};
		D05117F42739BF5100B34BF4 /* LaunchAtLogin */ = {
			isa = XCSwiftPackageProductDependency;
			package = D05117F52739BF5100B34BF4 /* XCRemoteSwiftPackageReference "LaunchAtLogin" */;
			productName = LaunchAtLogin;
		};
		D0DA5E9227C3F12200F2B321 /* Purchases */ = {
			isa = XCSwiftPackageProductDependency;
			package = D0DA5E9127C3F12200F2B321 /* XCRemoteSwiftPackageReference "purchases-ios" */;
			productName = Purchases;
		};
		D0DA5E9827C3F4A500F2B321 /* Purchases */ = {
			isa = XCSwiftPackageProductDependency;
			package = D0DA5E9127C3F12200F2B321 /* XCRemoteSwiftPackageReference "purchases-ios" */;
			productName = Purchases;
		};
/* End XCSwiftPackageProductDependency section */
	};
	rootObject = 36491D2819F6F3330083A49D /* Project object */;
}
